{
  "version": 4,
  "terraform_version": "1.14.3",
  "serial": 1,
  "lineage": "522dc536-4004-d558-5282-9a28b8ed0d45",
  "outputs": {},
  "resources": [
    {
      "mode": "managed",
      "type": "local_file",
      "name": "hello",
      "provider": "provider[\"registry.terraform.io/hashicorp/local\"]",
      "instances": [
        {
          "schema_version": 0,
          "attributes": {
            "content": "Hello Hackthur, this is the first file ",
            "content_base64": null,
            "content_base64sha256": "wVx6DvrHdPSFmhIxY85lnrnZCcODFyDFhHQ6jSkOjhg=",
            "content_base64sha512": "hxScRNKUS+kBXHHNJDoxxSRnWb6yV91Uu9wN8cyj1oUMuW3D+jsVNNLIPFVS4iRjC0u2KMTSEuJHJJZBTtacZg==",
            "content_md5": "da0f3756e78597384136ad6b3340c51d",
            "content_sha1": "b0e79e0dfddbb24c7632f1787533ce056968f5c7",
            "content_sha256": "c15c7a0efac774f4859a123163ce659eb9d909c3831720c584743a8d290e8e18",
            "content_sha512": "87149c44d2944be9015c71cd243a31c5246759beb257dd54bbdc0df1cca3d6850cb96dc3fa3b1534d2c83c5552e224630b4bb628c4d212e2472496414ed69c66",
            "directory_permission": "0777",
            "file_permission": "0777",
            "filename": "./hello.txt",
            "id": "b0e79e0dfddbb24c7632f1787533ce056968f5c7",
            "sensitive_content": null,
            "source": null
          },
          "sensitive_attributes": [
            [
              {
                "type": "get_attr",
                "value": "sensitive_content"
              }
            ]
          ],
          "identity_schema_version": 0
        }
      ]
    }
  ],
  "check_results": null
}
